github.com/fjl/go-couchdb v0.1.0 h1:CIgcwg8wTWkLbgYrI/dy0il5syWjHDyLy2M6l77TawQ=
github.com/fjl/go-couchdb v0.1.0/go.mod h1:oF+ECplezwWah+9cfVsXP39+EY/lDYlbISi3eFrRIhs=
github.com/google/uuid v1.4.0 h1:MtMxsa51/r9yyhkyLsVeVt0B+BGQZzpQiTQ4eHZ8bc4=
github.com/google/uuid v1.4.0/go.mod h1:TIyPZe4MgqvfeYDBFedMoGGpEw/LqOeaOT+nhxU+yHo=
github.com/rs/cors v1.10.1 h1:L0uuZVXIKlI1SShY2nhFfo44TYvDPQ1w4oFkUJNfhyo=
github.com/rs/cors v1.10.1/go.mod h1:XyqrcTp5zjWr1wsJ8PIRZssZ8b/WMcMf71DJnit4EMU=
